
Microsoft Visual Studio Solution File, Format Version 12.00
# Visual Studio Version 17
VisualStudioVersion = 17.9.34616.47
MinimumVisualStudioVersion = 10.0.40219.1
Project("{9A19103F-16F7-4668-BE54-9A1E7A4F7556}") = "Task1", "Task1\Task1.csproj", "{5CBAF5F8-6FA4-41E4-B839-F47EBB7E3222}"
EndProject
Project("{9A19103F-16F7-4668-BE54-9A1E7A4F7556}") = "Task2", "Task 2\Task2.csproj", "{65D03DA3-BAE3-4B73-B202-2A08D7A826C4}"
EndProject
Project("{9A19103F-16F7-4668-BE54-9A1E7A4F7556}") = "Task3", "Task3\Task3.csproj", "{39BC0514-F351-4024-A530-D17F20C6B701}"
EndProject
Project("{9A19103F-16F7-4668-BE54-9A1E7A4F7556}") = "Task4", "Task4\Task4.csproj", "{8DF01B8B-8141-4E26-B655-8FE0D4802E96}"
EndProject
Project("{9A19103F-16F7-4668-BE54-9A1E7A4F7556}") = "Task5", "Task5\Task5.csproj", "{22F4E250-A5A4-4645-94DF-5469E086DA56}"
EndProject
Global
	GlobalSection(SolutionConfigurationPlatforms) = preSolution
		Debug|Any CPU = Debug|Any CPU
		Release|Any CPU = Release|Any CPU
	EndGlobalSection
	GlobalSection(ProjectConfigurationPlatforms) = postSolution
		{5CBAF5F8-6FA4-41E4-B839-F47EBB7E3222}.Debug|Any CPU.ActiveCfg = Debug|Any CPU
		{5CBAF5F8-6FA4-41E4-B839-F47EBB7E3222}.Debug|Any CPU.Build.0 = Debug|Any CPU
		{5CBAF5F8-6FA4-41E4-B839-F47EBB7E3222}.Release|Any CPU.ActiveCfg = Release|Any CPU
		{5CBAF5F8-6FA4-41E4-B839-F47EBB7E3222}.Release|Any CPU.Build.0 = Release|Any CPU
		{65D03DA3-BAE3-4B73-B202-2A08D7A826C4}.Debug|Any CPU.ActiveCfg = Debug|Any CPU
		{65D03DA3-BAE3-4B73-B202-2A08D7A826C4}.Debug|Any CPU.Build.0 = Debug|Any CPU
		{65D03DA3-BAE3-4B73-B202-2A08D7A826C4}.Release|Any CPU.ActiveCfg = Release|Any CPU
		{65D03DA3-BAE3-4B73-B202-2A08D7A826C4}.Release|Any CPU.Build.0 = Release|Any CPU
		{39BC0514-F351-4024-A530-D17F20C6B701}.Debug|Any CPU.ActiveCfg = Debug|Any CPU
		{39BC0514-F351-4024-A530-D17F20C6B701}.Debug|Any CPU.Build.0 = Debug|Any CPU
		{39BC0514-F351-4024-A530-D17F20C6B701}.Release|Any CPU.ActiveCfg = Release|Any CPU
		{39BC0514-F351-4024-A530-D17F20C6B701}.Release|Any CPU.Build.0 = Release|Any CPU
		{8DF01B8B-8141-4E26-B655-8FE0D4802E96}.Debug|Any CPU.ActiveCfg = Debug|Any CPU
		{8DF01B8B-8141-4E26-B655-8FE0D4802E96}.Debug|Any CPU.Build.0 = Debug|Any CPU
		{8DF01B8B-8141-4E26-B655-8FE0D4802E96}.Release|Any CPU.ActiveCfg = Release|Any CPU
		{8DF01B8B-8141-4E26-B655-8FE0D4802E96}.Release|Any CPU.Build.0 = Release|Any CPU
		{22F4E250-A5A4-4645-94DF-5469E086DA56}.Debug|Any CPU.ActiveCfg = Debug|Any CPU
		{22F4E250-A5A4-4645-94DF-5469E086DA56}.Debug|Any CPU.Build.0 = Debug|Any CPU
		{22F4E250-A5A4-4645-94DF-5469E086DA56}.Release|Any CPU.ActiveCfg = Release|Any CPU
		{22F4E250-A5A4-4645-94DF-5469E086DA56}.Release|Any CPU.Build.0 = Release|Any CPU
	EndGlobalSection
	GlobalSection(SolutionProperties) = preSolution
		HideSolutionNode = FALSE
	EndGlobalSection
	GlobalSection(ExtensibilityGlobals) = postSolution
		SolutionGuid = {4A356280-5D9D-4665-BB08-28EC24DFCA49}
	EndGlobalSection
EndGlobal
