
Microsoft Visual Studio Solution File, Format Version 12.00
# Visual Studio Version 17
VisualStudioVersion = 17.9.34616.47
MinimumVisualStudioVersion = 10.0.40219.1
Project("{9A19103F-16F7-4668-BE54-9A1E7A4F7556}") = "Task1", "Task1\Task1.csproj", "{01E75B18-8EA5-4EAE-A3D3-E272C2999084}"
EndProject
Project("{9A19103F-16F7-4668-BE54-9A1E7A4F7556}") = "Task2", "Task2\Task2.csproj", "{ECA42EF1-7B58-478C-BDE4-ECE0B74D658E}"
EndProject
Global
	GlobalSection(SolutionConfigurationPlatforms) = preSolution
		Debug|Any CPU = Debug|Any CPU
		Release|Any CPU = Release|Any CPU
	EndGlobalSection
	GlobalSection(ProjectConfigurationPlatforms) = postSolution
		{01E75B18-8EA5-4EAE-A3D3-E272C2999084}.Debug|Any CPU.ActiveCfg = Debug|Any CPU
		{01E75B18-8EA5-4EAE-A3D3-E272C2999084}.Debug|Any CPU.Build.0 = Debug|Any CPU
		{01E75B18-8EA5-4EAE-A3D3-E272C2999084}.Release|Any CPU.ActiveCfg = Release|Any CPU
		{01E75B18-8EA5-4EAE-A3D3-E272C2999084}.Release|Any CPU.Build.0 = Release|Any CPU
		{ECA42EF1-7B58-478C-BDE4-ECE0B74D658E}.Debug|Any CPU.ActiveCfg = Debug|Any CPU
		{ECA42EF1-7B58-478C-BDE4-ECE0B74D658E}.Debug|Any CPU.Build.0 = Debug|Any CPU
		{ECA42EF1-7B58-478C-BDE4-ECE0B74D658E}.Release|Any CPU.ActiveCfg = Release|Any CPU
		{ECA42EF1-7B58-478C-BDE4-ECE0B74D658E}.Release|Any CPU.Build.0 = Release|Any CPU
	EndGlobalSection
	GlobalSection(SolutionProperties) = preSolution
		HideSolutionNode = FALSE
	EndGlobalSection
	GlobalSection(ExtensibilityGlobals) = postSolution
		SolutionGuid = {8573EC2B-4E0B-4F50-90E1-1191550D606B}
	EndGlobalSection
EndGlobal
