
Microsoft Visual Studio Solution File, Format Version 12.00
# Visual Studio Version 17
VisualStudioVersion = 17.9.34616.47
MinimumVisualStudioVersion = 10.0.40219.1
Project("{FAE04EC0-301F-11D3-BF4B-00C04F79EFBC}") = "Task1", "Task1\Task1.csproj", "{76032FA9-0A55-4FEB-B88E-2543AFDC4254}"
EndProject
Global
	GlobalSection(SolutionConfigurationPlatforms) = preSolution
		Debug|Any CPU = Debug|Any CPU
		Release|Any CPU = Release|Any CPU
	EndGlobalSection
	GlobalSection(ProjectConfigurationPlatforms) = postSolution
		{76032FA9-0A55-4FEB-B88E-2543AFDC4254}.Debug|Any CPU.ActiveCfg = Debug|Any CPU
		{76032FA9-0A55-4FEB-B88E-2543AFDC4254}.Debug|Any CPU.Build.0 = Debug|Any CPU
		{76032FA9-0A55-4FEB-B88E-2543AFDC4254}.Release|Any CPU.ActiveCfg = Release|Any CPU
		{76032FA9-0A55-4FEB-B88E-2543AFDC4254}.Release|Any CPU.Build.0 = Release|Any CPU
	EndGlobalSection
	GlobalSection(SolutionProperties) = preSolution
		HideSolutionNode = FALSE
	EndGlobalSection
	GlobalSection(ExtensibilityGlobals) = postSolution
		SolutionGuid = {0BB0EE1D-98BF-4B27-ADAB-5498BDFA7F36}
	EndGlobalSection
EndGlobal
