
Microsoft Visual Studio Solution File, Format Version 12.00
# Visual Studio Version 17
VisualStudioVersion = 17.9.34723.18
MinimumVisualStudioVersion = 10.0.40219.1
Project("{FAE04EC0-301F-11D3-BF4B-00C04F79EFBC}") = "Tasks", "Tasks\Tasks.csproj", "{A958645A-3BD1-43CD-B53C-5CFE48F33482}"
EndProject
Global
	GlobalSection(SolutionConfigurationPlatforms) = preSolution
		Debug|Any CPU = Debug|Any CPU
		Release|Any CPU = Release|Any CPU
	EndGlobalSection
	GlobalSection(ProjectConfigurationPlatforms) = postSolution
		{A958645A-3BD1-43CD-B53C-5CFE48F33482}.Debug|Any CPU.ActiveCfg = Debug|Any CPU
		{A958645A-3BD1-43CD-B53C-5CFE48F33482}.Debug|Any CPU.Build.0 = Debug|Any CPU
		{A958645A-3BD1-43CD-B53C-5CFE48F33482}.Release|Any CPU.ActiveCfg = Release|Any CPU
		{A958645A-3BD1-43CD-B53C-5CFE48F33482}.Release|Any CPU.Build.0 = Release|Any CPU
	EndGlobalSection
	GlobalSection(SolutionProperties) = preSolution
		HideSolutionNode = FALSE
	EndGlobalSection
	GlobalSection(ExtensibilityGlobals) = postSolution
		SolutionGuid = {611EED75-9B87-4707-861F-A04F1A9DB382}
	EndGlobalSection
EndGlobal
